// !$*UTF8*$!
{
	archiveVersion = 1;
	classes = {
	};
	objectVersion = 50;
	objects = {

/* Begin PBXBuildFile section */
		7609B6A7C81DE583E3B9D9E6 /* Pods_RxTodoDemo.framework in Frameworks */ = {isa = PBXBuildFile; fileRef = 9D9780D43D4B38E23FC24980 /* Pods_RxTodoDemo.framework */; };
		D65ABADF22379631008C0BE2 /* AppDelegate.swift in Sources */ = {isa = PBXBuildFile; fileRef = D65ABADE22379631008C0BE2 /* AppDelegate.swift */; };
		D65ABAE122379631008C0BE2 /* ViewController.swift in Sources */ = {isa = PBXBuildFile; fileRef = D65ABAE022379631008C0BE2 /* ViewController.swift */; };
		D65ABAE422379631008C0BE2 /* Main.storyboard in Resources */ = {isa = PBXBuildFile; fileRef = D65ABAE222379631008C0BE2 /* Main.storyboard */; };
		D65ABAE622379631008C0BE2 /* Assets.xcassets in Resources */ = {isa = PBXBuildFile; fileRef = D65ABAE522379631008C0BE2 /* Assets.xcassets */; };
		D65ABAE922379631008C0BE2 /* LaunchScreen.storyboard in Resources */ = {isa = PBXBuildFile; fileRef = D65ABAE722379631008C0BE2 /* LaunchScreen.storyboard */; };
/* End PBXBuildFile section */

/* Begin PBXFileReference section */
		9D9780D43D4B38E23FC24980 /* Pods_RxTodoDemo.framework */ = {isa = PBXFileReference; explicitFileType = wrapper.framework; includeInIndex = 0; path = Pods_RxTodoDemo.framework; sourceTree = BUILT_PRODUCTS_DIR; };
		D65ABADB22379631008C0BE2 /* RxTodoDemo.app */ = {isa = PBXFileReference; explicitFileType = wrapper.application; includeInIndex = 0; path = RxTodoDemo.app; sourceTree = BUILT_PRODUCTS_DIR; };
		D65ABADE22379631008C0BE2 /* AppDelegate.swift */ = {isa = PBXFileReference; lastKnownFileType = sourcecode.swift; path = AppDelegate.swift; sourceTree = "<group>"; };
		D65ABAE022379631008C0BE2 /* ViewController.swift */ = {isa = PBXFileReference; lastKnownFileType = sourcecode.swift; path = ViewController.swift; sourceTree = "<group>"; };
		D65ABAE322379631008C0BE2 /* Base */ = {isa = PBXFileReference; lastKnownFileType = file.storyboard; name = Base; path = Base.lproj/Main.storyboard; sourceTree = "<group>"; };
		D65ABAE522379631008C0BE2 /* Assets.xcassets */ = {isa = PBXFileReference; lastKnownFileType = folder.assetcatalog; path = Assets.xcassets; sourceTree = "<group>"; };
		D65ABAE822379631008C0BE2 /* Base */ = {isa = PBXFileReference; lastKnownFileType = file.storyboard; name = Base; path = Base.lproj/LaunchScreen.storyboard; sourceTree = "<group>"; };
		D65ABAEA22379631008C0BE2 /* Info.plist */ = {isa = PBXFileReference; lastKnownFileType = text.plist.xml; path = Info.plist; sourceTree = "<group>"; };
		DB61ACF96E53806A09A54B2B /* Pods-RxTodoDemo.debug.xcconfig */ = {isa = PBXFileReference; includeInIndex = 1; lastKnownFileType = text.xcconfig; name = "Pods-RxTodoDemo.debug.xcconfig"; path = "Pods/Target Support Files/Pods-RxTodoDemo/Pods-RxTodoDemo.debug.xcconfig"; sourceTree = "<group>"; };
		DBA7E0A5C7B0F5CD96D22B53 /* Pods-RxTodoDemo.release.xcconfig */ = {isa = PBXFileReference; includeInIndex = 1; lastKnownFileType = text.xcconfig; name = "Pods-RxTodoDemo.release.xcconfig"; path = "Pods/Target Support Files/Pods-RxTodoDemo/Pods-RxTodoDemo.release.xcconfig"; sourceTree = "<group>"; };
/* End PBXFileReference section */

/* Begin PBXFrameworksBuildPhase section */
		D65ABAD822379631008C0BE2 /* Frameworks */ = {
			isa = PBXFrameworksBuildPhase;
			buildActionMask = 2147483647;
			files = (
				7609B6A7C81DE583E3B9D9E6 /* Pods_RxTodoDemo.framework in Frameworks */,
			);
			runOnlyForDeploymentPostprocessing = 0;
		};
/* End PBXFrameworksBuildPhase section */

/* Begin PBXGroup section */
		6EA725E8FB7D85B842275B59 /* Pods */ = {
			isa = PBXGroup;
			children = (
				DB61ACF96E53806A09A54B2B /* Pods-RxTodoDemo.debug.xcconfig */,
				DBA7E0A5C7B0F5CD96D22B53 /* Pods-RxTodoDemo.release.xcconfig */,
			);
			name = Pods;
			sourceTree = "<group>";
		};
		92FEFFC74CD4BB28508AAE31 /* Frameworks */ = {
			isa = PBXGroup;
			children = (
				9D9780D43D4B38E23FC24980 /* Pods_RxTodoDemo.framework */,
			);
			name = Frameworks;
			sourceTree = "<group>";
		};
		D65ABAD222379631008C0BE2 = {
			isa = PBXGroup;
			children = (
				D65ABADD22379631008C0BE2 /* RxTodoDemo */,
				D65ABADC22379631008C0BE2 /* Products */,
				6EA725E8FB7D85B842275B59 /* Pods */,
				92FEFFC74CD4BB28508AAE31 /* Frameworks */,
			);
			sourceTree = "<group>";
		};
		D65ABADC22379631008C0BE2 /* Products */ = {
			isa = PBXGroup;
			children = (
				D65ABADB22379631008C0BE2 /* RxTodoDemo.app */,
			);
			name = Products;
			sourceTree = "<group>";
		};
		D65ABADD22379631008C0BE2 /* RxTodoDemo */ = {
			isa = PBXGroup;
			children = (
				D65ABADE22379631008C0BE2 /* AppDelegate.swift */,
				D65ABAE022379631008C0BE2 /* ViewController.swift */,
				D65ABAE222379631008C0BE2 /* Main.storyboard */,
				D65ABAE522379631008C0BE2 /* Assets.xcassets */,
				D65ABAE722379631008C0BE2 /* LaunchScreen.storyboard */,
				D65ABAEA22379631008C0BE2 /* Info.plist */,
			);
			path = RxTodoDemo;
			sourceTree = "<group>";
		};
/* End PBXGroup section */

/* Begin PBXNativeTarget section */
		D65ABADA22379631008C0BE2 /* RxTodoDemo */ = {
			isa = PBXNativeTarget;
			buildConfigurationList = D65ABAED22379631008C0BE2 /* Build configuration list for PBXNativeTarget "RxTodoDemo" */;
			buildPhases = (
				78F409D73A0149A79EDD514C /* [CP] Check Pods Manifest.lock */,
				D65ABAD722379631008C0BE2 /* Sources */,
				D65ABAD822379631008C0BE2 /* Frameworks */,
				D65ABAD922379631008C0BE2 /* Resources */,
			);
			buildRules = (
			);
			dependencies = (
			);
			name = RxTodoDemo;
			productName = RxTodoDemo;
			productReference = D65ABADB22379631008C0BE2 /* RxTodoDemo.app */;
			productType = "com.apple.product-type.application";
		};
/* End PBXNativeTarget section */

/* Begin PBXProject section */
		D65ABAD322379631008C0BE2 /* Project object */ = {
			isa = PBXProject;
			attributes = {
				LastSwiftUpdateCheck = 1010;
				LastUpgradeCheck = 1010;
				ORGANIZATIONNAME = Leo;
				TargetAttributes = {
					D65ABADA22379631008C0BE2 = {
						CreatedOnToolsVersion = 10.1;
					};
				};
			};
			buildConfigurationList = D65ABAD622379631008C0BE2 /* Build configuration list for PBXProject "RxTodoDemo" */;
			compatibilityVersion = "Xcode 9.3";
			developmentRegion = en;
			hasScannedForEncodings = 0;
			knownRegions = (
				en,
				Base,
			);
			mainGroup = D65ABAD222379631008C0BE2;
			productRefGroup = D65ABADC22379631008C0BE2 /* Products */;
			projectDirPath = "";
			projectRoot = "";
			targets = (
				D65ABADA22379631008C0BE2 /* RxTodoDemo */,
			);
		};
/* End PBXProject section */

/* Begin PBXResourcesBuildPhase section */
		D65ABAD922379631008C0BE2 /* Resources */ = {
			isa = PBXResourcesBuildPhase;
			buildActionMask = 2147483647;
			files = (
				D65ABAE922379631008C0BE2 /* LaunchScreen.storyboard in Resources */,
				D65ABAE622379631008C0BE2 /* Assets.xcassets in Resources */,
				D65ABAE422379631008C0BE2 /* Main.storyboard in Resources */,
			);
			runOnlyForDeploymentPostprocessing = 0;
		};
/* End PBXResourcesBuildPhase section */

/* Begin PBXShellScriptBuildPhase section */
		78F409D73A0149A79EDD514C /* [CP] Check Pods Manifest.lock */ = {
			isa = PBXShellScriptBuildPhase;
			buildActionMask = 2147483647;
			files = (
			);
			inputFileListPaths = (
			);
			inputPaths = (
				"${PODS_PODFILE_DIR_PATH}/Podfile.lock",
				"${PODS_ROOT}/Manifest.lock",
			);
			name = "[CP] Check Pods Manifest.lock";
			outputFileListPaths = (
			);
			outputPaths = (
				"$(DERIVED_FILE_DIR)/Pods-RxTodoDemo-checkManifestLockResult.txt",
			);
			runOnlyForDeploymentPostprocessing = 0;
			shellPath = /bin/sh;
			shellScript = "diff \"${PODS_PODFILE_DIR_PATH}/Podfile.lock\" \"${PODS_ROOT}/Manifest.lock\" > /dev/null\nif [ $? != 0 ] ; then\n    # print error to STDERR\n    echo \"error: The sandbox is not in sync with the Podfile.lock. Run 'pod install' or update your CocoaPods installation.\" >&2\n    exit 1\nfi\n# This output is used by Xcode 'outputs' to avoid re-running this script phase.\necho \"SUCCESS\" > \"${SCRIPT_OUTPUT_FILE_0}\"\n";
			showEnvVarsInLog = 0;
		};
/* End PBXShellScriptBuildPhase section */

/* Begin PBXSourcesBuildPhase section */
		D65ABAD722379631008C0BE2 /* Sources */ = {
			isa = PBXSourcesBuildPhase;
			buildActionMask = 2147483647;
			files = (
				D65ABAE122379631008C0BE2 /* ViewController.swift in Sources */,
				D65ABADF22379631008C0BE2 /* AppDelegate.swift in Sources */,
			);
			runOnlyForDeploymentPostprocessing = 0;
		};
/* End PBXSourcesBuildPhase section */

/* Begin PBXVariantGroup section */
		D65ABAE222379631008C0BE2 /* Main.storyboard */ = {
			isa = PBXVariantGroup;
			children = (
				D65ABAE322379631008C0BE2 /* Base */,
			);
			name = Main.storyboard;
			sourceTree = "<group>";
		};
		D65ABAE722379631008C0BE2 /* LaunchScreen.storyboard */ = {
			isa = PBXVariantGroup;
			children = (
				D65ABAE822379631008C0BE2 /* Base */,
			);
			name = LaunchScreen.storyboard;
			sourceTree = "<group>";
		};
/* End PBXVariantGroup section */

/* Begin XCBuildConfiguration section */
		D65ABAEB22379631008C0BE2 /* Debug */ = {
			isa = XCBuildConfiguration;
			buildSettings = {
				ALWAYS_SEARCH_USER_PATHS = NO;
				CLANG_ANALYZER_NONNULL = YES;
				CLANG_ANALYZER_NUMBER_OBJECT_CONVERSION = YES_AGGRESSIVE;
				CLANG_CXX_LANGUAGE_STANDARD = "gnu++14";
				CLANG_CXX_LIBRARY = "libc++";
				CLANG_ENABLE_MODULES = YES;
				CLANG_ENABLE_OBJC_ARC = YES;
				CLANG_ENABLE_OBJC_WEAK = YES;
				CLANG_WARN_BLOCK_CAPTURE_AUTORELEASING = YES;
				CLANG_WARN_BOOL_CONVERSION = YES;
				CLANG_WARN_COMMA = YES;
				CLANG_WARN_CONSTANT_CONVERSION = YES;
				CLANG_WARN_DEPRECATED_OBJC_IMPLEMENTATIONS = YES;
				CLANG_WARN_DIRECT_OBJC_ISA_USAGE = YES_ERROR;
				CLANG_WARN_DOCUMENTATION_COMMENTS = YES;
				CLANG_WARN_EMPTY_BODY = YES;
				CLANG_WARN_ENUM_CONVERSION = YES;
				CLANG_WARN_INFINITE_RECURSION = YES;
				CLANG_WARN_INT_CONVERSION = YES;
				CLANG_WARN_NON_LITERAL_NULL_CONVERSION = YES;
				CLANG_WARN_OBJC_IMPLICIT_RETAIN_SELF = YES;
				CLANG_WARN_OBJC_LITERAL_CONVERSION = YES;
				CLANG_WARN_OBJC_ROOT_CLASS = YES_ERROR;
				CLANG_WARN_RANGE_LOOP_ANALYSIS = YES;
				CLANG_WARN_STRICT_PROTOTYPES = YES;
				CLANG_WARN_SUSPICIOUS_MOVE = YES;
				CLANG_WARN_UNGUARDED_AVAILABILITY = YES_AGGRESSIVE;
				CLANG_WARN_UNREACHABLE_CODE = YES;
				CLANG_WARN__DUPLICATE_METHOD_MATCH = YES;
				CODE_SIGN_IDENTITY = "iPhone Developer";
				COPY_PHASE_STRIP = NO;
				DEBUG_INFORMATION_FORMAT = dwarf;
				ENABLE_STRICT_OBJC_MSGSEND = YES;
				ENABLE_TESTABILITY = YES;
				GCC_C_LANGUAGE_STANDARD = gnu11;
				GCC_DYNAMIC_NO_PIC = NO;
				GCC_NO_COMMON_BLOCKS = YES;
				GCC_OPTIMIZATION_LEVEL = 0;
				GCC_PREPROCESSOR_DEFINITIONS = (
					"DEBUG=1",
					"$(inherited)",
				);
				GCC_WARN_64_TO_32_BIT_CONVERSION = YES;
				GCC_WARN_ABOUT_RETURN_TYPE = YES_ERROR;
				GCC_WARN_UNDECLARED_SELECTOR = YES;
				GCC_WARN_UNINITIALIZED_AUTOS = YES_AGGRESSIVE;
				GCC_WARN_UNUSED_FUNCTION = YES;
				GCC_WARN_UNUSED_VARIABLE = YES;
				IPHONEOS_DEPLOYMENT_TARGET = 12.1;
				MTL_ENABLE_DEBUG_INFO = INCLUDE_SOURCE;
				MTL_FAST_MATH = YES;
				ONLY_ACTIVE_ARCH = YES;
				SDKROOT = iphoneos;
				SWIFT_ACTIVE_COMPILATION_CONDITIONS = DEBUG;
				SWIFT_OPTIMIZATION_LEVEL = "-Onone";
			};
			name = Debug;
		};
		D65ABAEC22379631008C0BE2 /* Release */ = {
			isa = XCBuildConfiguration;
			buildSettings = {
				ALWAYS_SEARCH_USER_PATHS = NO;
				CLANG_ANALYZER_NONNULL = YES;
				CLANG_ANALYZER_NUMBER_OBJECT_CONVERSION = YES_AGGRESSIVE;
				CLANG_CXX_LANGUAGE_STANDARD = "gnu++14";
				CLANG_CXX_LIBRARY = "libc++";
				CLANG_ENABLE_MODULES = YES;
				CLANG_ENABLE_OBJC_ARC = YES;
				CLANG_ENABLE_OBJC_WEAK = YES;
				CLANG_WARN_BLOCK_CAPTURE_AUTORELEASING = YES;
				CLANG_WARN_BOOL_CONVERSION = YES;
				CLANG_WARN_COMMA = YES;
				CLANG_WARN_CONSTANT_CONVERSION = YES;
				CLANG_WARN_DEPRECATED_OBJC_IMPLEMENTATIONS = YES;
				CLANG_WARN_DIRECT_OBJC_ISA_USAGE = YES_ERROR;
				CLANG_WARN_DOCUMENTATION_COMMENTS = YES;
				CLANG_WARN_EMPTY_BODY = YES;
				CLANG_WARN_ENUM_CONVERSION = YES;
				CLANG_WARN_INFINITE_RECURSION = YES;
				CLANG_WARN_INT_CONVERSION = YES;
				CLANG_WARN_NON_LITERAL_NULL_CONVERSION = YES;
				CLANG_WARN_OBJC_IMPLICIT_RETAIN_SELF = YES;
				CLANG_WARN_OBJC_LITERAL_CONVERSION = YES;
				CLANG_WARN_OBJC_ROOT_CLASS = YES_ERROR;
				CLANG_WARN_RANGE_LOOP_ANALYSIS = YES;
				CLANG_WARN_STRICT_PROTOTYPES = YES;
				CLANG_WARN_SUSPICIOUS_MOVE = YES;
				CLANG_WARN_UNGUARDED_AVAILABILITY = YES_AGGRESSIVE;
				CLANG_WARN_UNREACHABLE_CODE = YES;
				CLANG_WARN__DUPLICATE_METHOD_MATCH = YES;
				CODE_SIGN_IDENTITY = "iPhone Developer";
				COPY_PHASE_STRIP = NO;
				DEBUG_INFORMATION_FORMAT = "dwarf-with-dsym";
				ENABLE_NS_ASSERTIONS = NO;
				ENABLE_STRICT_OBJC_MSGSEND = YES;
				GCC_C_LANGUAGE_STANDARD = gnu11;
				GCC_NO_COMMON_BLOCKS = YES;
				GCC_WARN_64_TO_32_BIT_CONVERSION = YES;
				GCC_WARN_ABOUT_RETURN_TYPE = YES_ERROR;
				GCC_WARN_UNDECLARED_SELECTOR = YES;
				GCC_WARN_UNINITIALIZED_AUTOS = YES_AGGRESSIVE;
				GCC_WARN_UNUSED_FUNCTION = YES;
				GCC_WARN_UNUSED_VARIABLE = YES;
				IPHONEOS_DEPLOYMENT_TARGET = 12.1;
				MTL_ENABLE_DEBUG_INFO = NO;
				MTL_FAST_MATH = YES;
				SDKROOT = iphoneos;
				SWIFT_COMPILATION_MODE = wholemodule;
				SWIFT_OPTIMIZATION_LEVEL = "-O";
				VALIDATE_PRODUCT = YES;
			};
			name = Release;
		};
		D65ABAEE22379631008C0BE2 /* Debug */ = {
			isa = XCBuildConfiguration;
			baseConfigurationReference = DB61ACF96E53806A09A54B2B /* Pods-RxTodoDemo.debug.xcconfig */;
			buildSettings = {
				ASSETCATALOG_COMPILER_APPICON_NAME = AppIcon;
				CODE_SIGN_STYLE = Automatic;
				DEVELOPMENT_TEAM = VV54GVQ3K7;
				INFOPLIST_FILE = RxTodoDemo/Info.plist;
				IPHONEOS_DEPLOYMENT_TARGET = 10.0;
				LD_RUNPATH_SEARCH_PATHS = (
					"$(inherited)",
					"@executable_path/Frameworks",
				);
				PRODUCT_BUNDLE_IDENTIFIER = com.l1dan.RxTodoDemo;
				PRODUCT_NAME = "$(TARGET_NAME)";
				SWIFT_VERSION = 4.2;
				TARGETED_DEVICE_FAMILY = "1,2";
			};
			name = Debug;
		};
		D65ABAEF22379631008C0BE2 /* Release */ = {
			isa = XCBuildConfiguration;
			baseConfigurationReference = DBA7E0A5C7B0F5CD96D22B53 /* Pods-RxTodoDemo.release.xcconfig */;
			buildSettings = {
				ASSETCATALOG_COMPILER_APPICON_NAME = AppIcon;
				CODE_SIGN_STYLE = Automatic;
				DEVELOPMENT_TEAM = VV54GVQ3K7;
				INFOPLIST_FILE = RxTodoDemo/Info.plist;
				IPHONEOS_DEPLOYMENT_TARGET = 10.0;
				LD_RUNPATH_SEARCH_PATHS = (
					"$(inherited)",
					"@executable_path/Frameworks",
				);
				PRODUCT_BUNDLE_IDENTIFIER = com.l1dan.RxTodoDemo;
				PRODUCT_NAME = "$(TARGET_NAME)";
				SWIFT_VERSION = 4.2;
				TARGETED_DEVICE_FAMILY = "1,2";
			};
			name = Release;
		};
/* End XCBuildConfiguration section */

/* Begin XCConfigurationList section */
		D65ABAD622379631008C0BE2 /* Build configuration list for PBXProject "RxTodoDemo" */ = {
			isa = XCConfigurationList;
			buildConfigurations = (
				D65ABAEB22379631008C0BE2 /* Debug */,
				D65ABAEC22379631008C0BE2 /* Release */,
			);
			defaultConfigurationIsVisible = 0;
			defaultConfigurationName = Release;
		};
		D65ABAED22379631008C0BE2 /* Build configuration list for PBXNativeTarget "RxTodoDemo" */ = {
			isa = XCConfigurationList;
			buildConfigurations = (
				D65ABAEE22379631008C0BE2 /* Debug */,
				D65ABAEF22379631008C0BE2 /* Release */,
			);
			defaultConfigurationIsVisible = 0;
			defaultConfigurationName = Release;
		};
/* End XCConfigurationList section */
	};
	rootObject = D65ABAD322379631008C0BE2 /* Project object */;
}
